// !$*UTF8*$!
{
	archiveVersion = 1;
	classes = {
	};
	objectVersion = 50;
	objects = {

/* Begin PBXBuildFile section */
		F77C258622932D81005EE7CF /* AppDelegate.swift in Sources */ = {isa = PBXBuildFile; fileRef = F77C258522932D81005EE7CF /* AppDelegate.swift */; };
		F77C258822932D81005EE7CF /* ViewController.swift in Sources */ = {isa = PBXBuildFile; fileRef = F77C258722932D81005EE7CF /* ViewController.swift */; };
		F77C258A22932D82005EE7CF /* Assets.xcassets in Resources */ = {isa = PBXBuildFile; fileRef = F77C258922932D82005EE7CF /* Assets.xcassets */; };
		F77C258D22932D82005EE7CF /* Main.storyboard in Resources */ = {isa = PBXBuildFile; fileRef = F77C258B22932D82005EE7CF /* Main.storyboard */; };
		F77C259722932DFB005EE7CF /* hilib.a in Frameworks */ = {isa = PBXBuildFile; fileRef = F77C259622932DFB005EE7CF /* hilib.a */; };
		F77C259A22932E1E005EE7CF /* emptyC.m in Sources */ = {isa = PBXBuildFile; fileRef = F77C259922932E1E005EE7CF /* emptyC.m */; };
/* End PBXBuildFile section */

/* Begin PBXFileReference section */
		F77C258222932D81005EE7CF /* trying_with_xcode.app */ = {isa = PBXFileReference; explicitFileType = wrapper.application; includeInIndex = 0; path = trying_with_xcode.app; sourceTree = BUILT_PRODUCTS_DIR; };
		F77C258522932D81005EE7CF /* AppDelegate.swift */ = {isa = PBXFileReference; lastKnownFileType = sourcecode.swift; path = AppDelegate.swift; sourceTree = "<group>"; };
		F77C258722932D81005EE7CF /* ViewController.swift */ = {isa = PBXFileReference; lastKnownFileType = sourcecode.swift; path = ViewController.swift; sourceTree = "<group>"; };
		F77C258922932D82005EE7CF /* Assets.xcassets */ = {isa = PBXFileReference; lastKnownFileType = folder.assetcatalog; path = Assets.xcassets; sourceTree = "<group>"; };
		F77C258C22932D82005EE7CF /* Base */ = {isa = PBXFileReference; lastKnownFileType = file.storyboard; name = Base; path = Base.lproj/Main.storyboard; sourceTree = "<group>"; };
		F77C258E22932D82005EE7CF /* Info.plist */ = {isa = PBXFileReference; lastKnownFileType = text.plist.xml; path = Info.plist; sourceTree = "<group>"; };
		F77C258F22932D82005EE7CF /* trying_with_xcode.entitlements */ = {isa = PBXFileReference; lastKnownFileType = text.plist.entitlements; path = trying_with_xcode.entitlements; sourceTree = "<group>"; };
		F77C259522932DFB005EE7CF /* hilib.h */ = {isa = PBXFileReference; fileEncoding = 4; lastKnownFileType = sourcecode.c.h; name = hilib.h; path = ../../pyside/hilib.h; sourceTree = "<group>"; };
		F77C259622932DFB005EE7CF /* hilib.a */ = {isa = PBXFileReference; lastKnownFileType = archive.ar; name = hilib.a; path = ../../pyside/hilib.a; sourceTree = "<group>"; };
		F77C259822932E1D005EE7CF /* trying_with_xcode-Bridging-Header.h */ = {isa = PBXFileReference; lastKnownFileType = sourcecode.c.h; path = "trying_with_xcode-Bridging-Header.h"; sourceTree = "<group>"; };
		F77C259922932E1E005EE7CF /* emptyC.m */ = {isa = PBXFileReference; lastKnownFileType = sourcecode.c.objc; path = emptyC.m; sourceTree = "<group>"; };
/* End PBXFileReference section */

/* Begin PBXFrameworksBuildPhase section */
		F77C257F22932D81005EE7CF /* Frameworks */ = {
			isa = PBXFrameworksBuildPhase;
			buildActionMask = 2147483647;
			files = (
				F77C259722932DFB005EE7CF /* hilib.a in Frameworks */,
			);
			runOnlyForDeploymentPostprocessing = 0;
		};
/* End PBXFrameworksBuildPhase section */

/* Begin PBXGroup section */
		F77C257922932D81005EE7CF = {
			isa = PBXGroup;
			children = (
				F77C259922932E1E005EE7CF /* emptyC.m */,
				F77C258422932D81005EE7CF /* trying_with_xcode */,
				F77C258322932D81005EE7CF /* Products */,
				F77C259822932E1D005EE7CF /* trying_with_xcode-Bridging-Header.h */,
			);
			sourceTree = "<group>";
		};
		F77C258322932D81005EE7CF /* Products */ = {
			isa = PBXGroup;
			children = (
				F77C258222932D81005EE7CF /* trying_with_xcode.app */,
			);
			name = Products;
			sourceTree = "<group>";
		};
		F77C258422932D81005EE7CF /* trying_with_xcode */ = {
			isa = PBXGroup;
			children = (
				F77C259622932DFB005EE7CF /* hilib.a */,
				F77C259522932DFB005EE7CF /* hilib.h */,
				F77C258522932D81005EE7CF /* AppDelegate.swift */,
				F77C258722932D81005EE7CF /* ViewController.swift */,
				F77C258922932D82005EE7CF /* Assets.xcassets */,
				F77C258B22932D82005EE7CF /* Main.storyboard */,
				F77C258E22932D82005EE7CF /* Info.plist */,
				F77C258F22932D82005EE7CF /* trying_with_xcode.entitlements */,
			);
			path = trying_with_xcode;
			sourceTree = "<group>";
		};
/* End PBXGroup section */

/* Begin PBXNativeTarget section */
		F77C258122932D81005EE7CF /* trying_with_xcode */ = {
			isa = PBXNativeTarget;
			buildConfigurationList = F77C259222932D82005EE7CF /* Build configuration list for PBXNativeTarget "trying_with_xcode" */;
			buildPhases = (
				F77C257E22932D81005EE7CF /* Sources */,
				F77C257F22932D81005EE7CF /* Frameworks */,
				F77C258022932D81005EE7CF /* Resources */,
			);
			buildRules = (
			);
			dependencies = (
			);
			name = trying_with_xcode;
			productName = trying_with_xcode;
			productReference = F77C258222932D81005EE7CF /* trying_with_xcode.app */;
			productType = "com.apple.product-type.application";
		};
/* End PBXNativeTarget section */

/* Begin PBXProject section */
		F77C257A22932D81005EE7CF /* Project object */ = {
			isa = PBXProject;
			attributes = {
				LastSwiftUpdateCheck = 1020;
				LastUpgradeCheck = 1020;
				ORGANIZATIONNAME = "Paul Gowder";
				TargetAttributes = {
					F77C258122932D81005EE7CF = {
						CreatedOnToolsVersion = 10.2.1;
						LastSwiftMigration = 1020;
					};
				};
			};
			buildConfigurationList = F77C257D22932D81005EE7CF /* Build configuration list for PBXProject "trying_with_xcode" */;
			compatibilityVersion = "Xcode 9.3";
			developmentRegion = en;
			hasScannedForEncodings = 0;
			knownRegions = (
				en,
				Base,
			);
			mainGroup = F77C257922932D81005EE7CF;
			productRefGroup = F77C258322932D81005EE7CF /* Products */;
			projectDirPath = "";
			projectRoot = "";
			targets = (
				F77C258122932D81005EE7CF /* trying_with_xcode */,
			);
		};
/* End PBXProject section */

/* Begin PBXResourcesBuildPhase section */
		F77C258022932D81005EE7CF /* Resources */ = {
			isa = PBXResourcesBuildPhase;
			buildActionMask = 2147483647;
			files = (
				F77C258A22932D82005EE7CF /* Assets.xcassets in Resources */,
				F77C258D22932D82005EE7CF /* Main.storyboard in Resources */,
			);
			runOnlyForDeploymentPostprocessing = 0;
		};
/* End PBXResourcesBuildPhase section */

/* Begin PBXSourcesBuildPhase section */
		F77C257E22932D81005EE7CF /* Sources */ = {
			isa = PBXSourcesBuildPhase;
			buildActionMask = 2147483647;
			files = (
				F77C258822932D81005EE7CF /* ViewController.swift in Sources */,
				F77C259A22932E1E005EE7CF /* emptyC.m in Sources */,
				F77C258622932D81005EE7CF /* AppDelegate.swift in Sources */,
			);
			runOnlyForDeploymentPostprocessing = 0;
		};
/* End PBXSourcesBuildPhase section */

/* Begin PBXVariantGroup section */
		F77C258B22932D82005EE7CF /* Main.storyboard */ = {
			isa = PBXVariantGroup;
			children = (
				F77C258C22932D82005EE7CF /* Base */,
			);
			name = Main.storyboard;
			sourceTree = "<group>";
		};
/* End PBXVariantGroup section */

/* Begin XCBuildConfiguration section */
		F77C259022932D82005EE7CF /* Debug */ = {
			isa = XCBuildConfiguration;
			buildSettings = {
				ALWAYS_SEARCH_USER_PATHS = NO;
				CLANG_ANALYZER_NONNULL = YES;
				CLANG_ANALYZER_NUMBER_OBJECT_CONVERSION = YES_AGGRESSIVE;
				CLANG_CXX_LANGUAGE_STANDARD = "gnu++14";
				CLANG_CXX_LIBRARY = "libc++";
				CLANG_ENABLE_MODULES = YES;
				CLANG_ENABLE_OBJC_ARC = YES;
				CLANG_ENABLE_OBJC_WEAK = YES;
				CLANG_WARN_BLOCK_CAPTURE_AUTORELEASING = YES;
				CLANG_WARN_BOOL_CONVERSION = YES;
				CLANG_WARN_COMMA = YES;
				CLANG_WARN_CONSTANT_CONVERSION = YES;
				CLANG_WARN_DEPRECATED_OBJC_IMPLEMENTATIONS = YES;
				CLANG_WARN_DIRECT_OBJC_ISA_USAGE = YES_ERROR;
				CLANG_WARN_DOCUMENTATION_COMMENTS = YES;
				CLANG_WARN_EMPTY_BODY = YES;
				CLANG_WARN_ENUM_CONVERSION = YES;
				CLANG_WARN_INFINITE_RECURSION = YES;
				CLANG_WARN_INT_CONVERSION = YES;
				CLANG_WARN_NON_LITERAL_NULL_CONVERSION = YES;
				CLANG_WARN_OBJC_IMPLICIT_RETAIN_SELF = YES;
				CLANG_WARN_OBJC_LITERAL_CONVERSION = YES;
				CLANG_WARN_OBJC_ROOT_CLASS = YES_ERROR;
				CLANG_WARN_RANGE_LOOP_ANALYSIS = YES;
				CLANG_WARN_STRICT_PROTOTYPES = YES;
				CLANG_WARN_SUSPICIOUS_MOVE = YES;
				CLANG_WARN_UNGUARDED_AVAILABILITY = YES_AGGRESSIVE;
				CLANG_WARN_UNREACHABLE_CODE = YES;
				CLANG_WARN__DUPLICATE_METHOD_MATCH = YES;
				CODE_SIGN_IDENTITY = "-";
				COPY_PHASE_STRIP = NO;
				DEBUG_INFORMATION_FORMAT = dwarf;
				ENABLE_STRICT_OBJC_MSGSEND = YES;
				ENABLE_TESTABILITY = YES;
				GCC_C_LANGUAGE_STANDARD = gnu11;
				GCC_DYNAMIC_NO_PIC = NO;
				GCC_NO_COMMON_BLOCKS = YES;
				GCC_OPTIMIZATION_LEVEL = 0;
				GCC_PREPROCESSOR_DEFINITIONS = (
					"DEBUG=1",
					"$(inherited)",
				);
				GCC_WARN_64_TO_32_BIT_CONVERSION = YES;
				GCC_WARN_ABOUT_RETURN_TYPE = YES_ERROR;
				GCC_WARN_UNDECLARED_SELECTOR = YES;
				GCC_WARN_UNINITIALIZED_AUTOS = YES_AGGRESSIVE;
				GCC_WARN_UNUSED_FUNCTION = YES;
				GCC_WARN_UNUSED_VARIABLE = YES;
				MACOSX_DEPLOYMENT_TARGET = 10.14;
				MTL_ENABLE_DEBUG_INFO = INCLUDE_SOURCE;
				MTL_FAST_MATH = YES;
				ONLY_ACTIVE_ARCH = YES;
				SDKROOT = macosx;
				SWIFT_ACTIVE_COMPILATION_CONDITIONS = DEBUG;
				SWIFT_OPTIMIZATION_LEVEL = "-Onone";
			};
			name = Debug;
		};
		F77C259122932D82005EE7CF /* Release */ = {
			isa = XCBuildConfiguration;
			buildSettings = {
				ALWAYS_SEARCH_USER_PATHS = NO;
				CLANG_ANALYZER_NONNULL = YES;
				CLANG_ANALYZER_NUMBER_OBJECT_CONVERSION = YES_AGGRESSIVE;
				CLANG_CXX_LANGUAGE_STANDARD = "gnu++14";
				CLANG_CXX_LIBRARY = "libc++";
				CLANG_ENABLE_MODULES = YES;
				CLANG_ENABLE_OBJC_ARC = YES;
				CLANG_ENABLE_OBJC_WEAK = YES;
				CLANG_WARN_BLOCK_CAPTURE_AUTORELEASING = YES;
				CLANG_WARN_BOOL_CONVERSION = YES;
				CLANG_WARN_COMMA = YES;
				CLANG_WARN_CONSTANT_CONVERSION = YES;
				CLANG_WARN_DEPRECATED_OBJC_IMPLEMENTATIONS = YES;
				CLANG_WARN_DIRECT_OBJC_ISA_USAGE = YES_ERROR;
				CLANG_WARN_DOCUMENTATION_COMMENTS = YES;
				CLANG_WARN_EMPTY_BODY = YES;
				CLANG_WARN_ENUM_CONVERSION = YES;
				CLANG_WARN_INFINITE_RECURSION = YES;
				CLANG_WARN_INT_CONVERSION = YES;
				CLANG_WARN_NON_LITERAL_NULL_CONVERSION = YES;
				CLANG_WARN_OBJC_IMPLICIT_RETAIN_SELF = YES;
				CLANG_WARN_OBJC_LITERAL_CONVERSION = YES;
				CLANG_WARN_OBJC_ROOT_CLASS = YES_ERROR;
				CLANG_WARN_RANGE_LOOP_ANALYSIS = YES;
				CLANG_WARN_STRICT_PROTOTYPES = YES;
				CLANG_WARN_SUSPICIOUS_MOVE = YES;
				CLANG_WARN_UNGUARDED_AVAILABILITY = YES_AGGRESSIVE;
				CLANG_WARN_UNREACHABLE_CODE = YES;
				CLANG_WARN__DUPLICATE_METHOD_MATCH = YES;
				CODE_SIGN_IDENTITY = "-";
				COPY_PHASE_STRIP = NO;
				DEBUG_INFORMATION_FORMAT = "dwarf-with-dsym";
				ENABLE_NS_ASSERTIONS = NO;
				ENABLE_STRICT_OBJC_MSGSEND = YES;
				GCC_C_LANGUAGE_STANDARD = gnu11;
				GCC_NO_COMMON_BLOCKS = YES;
				GCC_WARN_64_TO_32_BIT_CONVERSION = YES;
				GCC_WARN_ABOUT_RETURN_TYPE = YES_ERROR;
				GCC_WARN_UNDECLARED_SELECTOR = YES;
				GCC_WARN_UNINITIALIZED_AUTOS = YES_AGGRESSIVE;
				GCC_WARN_UNUSED_FUNCTION = YES;
				GCC_WARN_UNUSED_VARIABLE = YES;
				MACOSX_DEPLOYMENT_TARGET = 10.14;
				MTL_ENABLE_DEBUG_INFO = NO;
				MTL_FAST_MATH = YES;
				SDKROOT = macosx;
				SWIFT_COMPILATION_MODE = wholemodule;
				SWIFT_OPTIMIZATION_LEVEL = "-O";
			};
			name = Release;
		};
		F77C259322932D82005EE7CF /* Debug */ = {
			isa = XCBuildConfiguration;
			buildSettings = {
				ASSETCATALOG_COMPILER_APPICON_NAME = AppIcon;
				CLANG_ENABLE_MODULES = YES;
				CODE_SIGN_ENTITLEMENTS = trying_with_xcode/trying_with_xcode.entitlements;
				CODE_SIGN_STYLE = Automatic;
				COMBINE_HIDPI_IMAGES = YES;
				INFOPLIST_FILE = trying_with_xcode/Info.plist;
				LD_RUNPATH_SEARCH_PATHS = (
					"$(inherited)",
					"@executable_path/../Frameworks",
				);
				PRODUCT_BUNDLE_IDENTIFIER = "io.gowder.trying-with-xcode";
				PRODUCT_NAME = "$(TARGET_NAME)";
				SWIFT_OBJC_BRIDGING_HEADER = "trying_with_xcode-Bridging-Header.h";
				SWIFT_OPTIMIZATION_LEVEL = "-Onone";
				SWIFT_VERSION = 5.0;
			};
			name = Debug;
		};
		F77C259422932D82005EE7CF /* Release */ = {
			isa = XCBuildConfiguration;
			buildSettings = {
				ASSETCATALOG_COMPILER_APPICON_NAME = AppIcon;
				CLANG_ENABLE_MODULES = YES;
				CODE_SIGN_ENTITLEMENTS = trying_with_xcode/trying_with_xcode.entitlements;
				CODE_SIGN_STYLE = Automatic;
				COMBINE_HIDPI_IMAGES = YES;
				INFOPLIST_FILE = trying_with_xcode/Info.plist;
				LD_RUNPATH_SEARCH_PATHS = (
					"$(inherited)",
					"@executable_path/../Frameworks",
				);
				PRODUCT_BUNDLE_IDENTIFIER = "io.gowder.trying-with-xcode";
				PRODUCT_NAME = "$(TARGET_NAME)";
				SWIFT_OBJC_BRIDGING_HEADER = "trying_with_xcode-Bridging-Header.h";
				SWIFT_VERSION = 5.0;
			};
			name = Release;
		};
/* End XCBuildConfiguration section */

/* Begin XCConfigurationList section */
		F77C257D22932D81005EE7CF /* Build configuration list for PBXProject "trying_with_xcode" */ = {
			isa = XCConfigurationList;
			buildConfigurations = (
				F77C259022932D82005EE7CF /* Debug */,
				F77C259122932D82005EE7CF /* Release */,
			);
			defaultConfigurationIsVisible = 0;
			defaultConfigurationName = Release;
		};
		F77C259222932D82005EE7CF /* Build configuration list for PBXNativeTarget "trying_with_xcode" */ = {
			isa = XCConfigurationList;
			buildConfigurations = (
				F77C259322932D82005EE7CF /* Debug */,
				F77C259422932D82005EE7CF /* Release */,
			);
			defaultConfigurationIsVisible = 0;
			defaultConfigurationName = Release;
		};
/* End XCConfigurationList section */
	};
	rootObject = F77C257A22932D81005EE7CF /* Project object */;
}
